
Microsoft Visual Studio Solution File, Format Version 12.00
# Visual Studio Version 17
VisualStudioVersion = 17.9.34701.34
MinimumVisualStudioVersion = 10.0.40219.1
Project("{9A19103F-16F7-4668-BE54-9A1E7A4F7556}") = "ClientData", "Data\ClientData.csproj", "{FCAC56FB-018A-483B-83D7-BDAFAA2507BE}"
EndProject
Project("{9A19103F-16F7-4668-BE54-9A1E7A4F7556}") = "ClientDataTest", "DataTest\ClientDataTest.csproj", "{C8B113AF-0BF4-418F-977B-0BEC24E73705}"
EndProject
Project("{9A19103F-16F7-4668-BE54-9A1E7A4F7556}") = "ClientLogic", "Logic\ClientLogic.csproj", "{665533D9-BE5B-4576-BDD0-25C2ADA79AC6}"
EndProject
Project("{9A19103F-16F7-4668-BE54-9A1E7A4F7556}") = "ClientPresentation", "Presentation\ClientPresentation.csproj", "{2338F440-B066-4909-8396-339815300F75}"
EndProject
Project("{9A19103F-16F7-4668-BE54-9A1E7A4F7556}") = "ClientLogicTest", "LogicTest\ClientLogicTest.csproj", "{2BCBA4AC-F2FC-477E-900B-8099EB4C4E06}"
EndProject
Project("{9A19103F-16F7-4668-BE54-9A1E7A4F7556}") = "ClientPresentation.View", "Presentation.View\ClientPresentation.View.csproj", "{40484C38-A37E-4016-9AB7-B6C0E25FF8F8}"
EndProject
Project("{2150E333-8FDC-42A3-9474-1A3956D46DE8}") = "Client", "Client", "{56E10437-7FD5-4BEC-98B3-25EA9DB5A692}"
EndProject
Project("{2150E333-8FDC-42A3-9474-1A3956D46DE8}") = "Server", "Server", "{9D542CD1-84E8-4614-928A-209CEF283304}"
EndProject
Project("{9A19103F-16F7-4668-BE54-9A1E7A4F7556}") = "ServerData", "ServerData\ServerData.csproj", "{BB500D51-E3F2-4052-BE32-F11B1963AFD9}"
EndProject
Project("{9A19103F-16F7-4668-BE54-9A1E7A4F7556}") = "ServerLogic", "ServerLogic\ServerLogic.csproj", "{6E5EA486-93FF-4058-B581-58E857301EFB}"
EndProject
Project("{FAE04EC0-301F-11D3-BF4B-00C04F79EFBC}") = "ServerPresentation", "ServerPresentation\ServerPresentation.csproj", "{73E62E45-DCB9-462B-9F04-D817CB933892}"
EndProject
Project("{FAE04EC0-301F-11D3-BF4B-00C04F79EFBC}") = "GlobalAPIs", "GlobalAPIs\GlobalAPIs.csproj", "{408E0DBF-FCA8-4291-A7DA-7064BADAB8DB}"
EndProject
Global
	GlobalSection(SolutionConfigurationPlatforms) = preSolution
		Debug|Any CPU = Debug|Any CPU
		Release|Any CPU = Release|Any CPU
	EndGlobalSection
	GlobalSection(ProjectConfigurationPlatforms) = postSolution
		{FCAC56FB-018A-483B-83D7-BDAFAA2507BE}.Debug|Any CPU.ActiveCfg = Debug|Any CPU
		{FCAC56FB-018A-483B-83D7-BDAFAA2507BE}.Debug|Any CPU.Build.0 = Debug|Any CPU
		{FCAC56FB-018A-483B-83D7-BDAFAA2507BE}.Release|Any CPU.ActiveCfg = Release|Any CPU
		{FCAC56FB-018A-483B-83D7-BDAFAA2507BE}.Release|Any CPU.Build.0 = Release|Any CPU
		{C8B113AF-0BF4-418F-977B-0BEC24E73705}.Debug|Any CPU.ActiveCfg = Debug|Any CPU
		{C8B113AF-0BF4-418F-977B-0BEC24E73705}.Debug|Any CPU.Build.0 = Debug|Any CPU
		{C8B113AF-0BF4-418F-977B-0BEC24E73705}.Release|Any CPU.ActiveCfg = Release|Any CPU
		{C8B113AF-0BF4-418F-977B-0BEC24E73705}.Release|Any CPU.Build.0 = Release|Any CPU
		{665533D9-BE5B-4576-BDD0-25C2ADA79AC6}.Debug|Any CPU.ActiveCfg = Debug|Any CPU
		{665533D9-BE5B-4576-BDD0-25C2ADA79AC6}.Debug|Any CPU.Build.0 = Debug|Any CPU
		{665533D9-BE5B-4576-BDD0-25C2ADA79AC6}.Release|Any CPU.ActiveCfg = Release|Any CPU
		{665533D9-BE5B-4576-BDD0-25C2ADA79AC6}.Release|Any CPU.Build.0 = Release|Any CPU
		{2338F440-B066-4909-8396-339815300F75}.Debug|Any CPU.ActiveCfg = Debug|Any CPU
		{2338F440-B066-4909-8396-339815300F75}.Debug|Any CPU.Build.0 = Debug|Any CPU
		{2338F440-B066-4909-8396-339815300F75}.Release|Any CPU.ActiveCfg = Release|Any CPU
		{2338F440-B066-4909-8396-339815300F75}.Release|Any CPU.Build.0 = Release|Any CPU
		{2BCBA4AC-F2FC-477E-900B-8099EB4C4E06}.Debug|Any CPU.ActiveCfg = Debug|Any CPU
		{2BCBA4AC-F2FC-477E-900B-8099EB4C4E06}.Debug|Any CPU.Build.0 = Debug|Any CPU
		{2BCBA4AC-F2FC-477E-900B-8099EB4C4E06}.Release|Any CPU.ActiveCfg = Release|Any CPU
		{2BCBA4AC-F2FC-477E-900B-8099EB4C4E06}.Release|Any CPU.Build.0 = Release|Any CPU
		{40484C38-A37E-4016-9AB7-B6C0E25FF8F8}.Debug|Any CPU.ActiveCfg = Debug|Any CPU
		{40484C38-A37E-4016-9AB7-B6C0E25FF8F8}.Debug|Any CPU.Build.0 = Debug|Any CPU
		{40484C38-A37E-4016-9AB7-B6C0E25FF8F8}.Release|Any CPU.ActiveCfg = Release|Any CPU
		{40484C38-A37E-4016-9AB7-B6C0E25FF8F8}.Release|Any CPU.Build.0 = Release|Any CPU
		{BB500D51-E3F2-4052-BE32-F11B1963AFD9}.Debug|Any CPU.ActiveCfg = Debug|Any CPU
		{BB500D51-E3F2-4052-BE32-F11B1963AFD9}.Debug|Any CPU.Build.0 = Debug|Any CPU
		{BB500D51-E3F2-4052-BE32-F11B1963AFD9}.Release|Any CPU.ActiveCfg = Release|Any CPU
		{BB500D51-E3F2-4052-BE32-F11B1963AFD9}.Release|Any CPU.Build.0 = Release|Any CPU
		{6E5EA486-93FF-4058-B581-58E857301EFB}.Debug|Any CPU.ActiveCfg = Debug|Any CPU
		{6E5EA486-93FF-4058-B581-58E857301EFB}.Debug|Any CPU.Build.0 = Debug|Any CPU
		{6E5EA486-93FF-4058-B581-58E857301EFB}.Release|Any CPU.ActiveCfg = Release|Any CPU
		{6E5EA486-93FF-4058-B581-58E857301EFB}.Release|Any CPU.Build.0 = Release|Any CPU
		{73E62E45-DCB9-462B-9F04-D817CB933892}.Debug|Any CPU.ActiveCfg = Debug|Any CPU
		{73E62E45-DCB9-462B-9F04-D817CB933892}.Debug|Any CPU.Build.0 = Debug|Any CPU
		{73E62E45-DCB9-462B-9F04-D817CB933892}.Release|Any CPU.ActiveCfg = Release|Any CPU
		{73E62E45-DCB9-462B-9F04-D817CB933892}.Release|Any CPU.Build.0 = Release|Any CPU
		{408E0DBF-FCA8-4291-A7DA-7064BADAB8DB}.Debug|Any CPU.ActiveCfg = Debug|Any CPU
		{408E0DBF-FCA8-4291-A7DA-7064BADAB8DB}.Debug|Any CPU.Build.0 = Debug|Any CPU
		{408E0DBF-FCA8-4291-A7DA-7064BADAB8DB}.Release|Any CPU.ActiveCfg = Release|Any CPU
		{408E0DBF-FCA8-4291-A7DA-7064BADAB8DB}.Release|Any CPU.Build.0 = Release|Any CPU
	EndGlobalSection
	GlobalSection(SolutionProperties) = preSolution
		HideSolutionNode = FALSE
	EndGlobalSection
	GlobalSection(NestedProjects) = preSolution
		{FCAC56FB-018A-483B-83D7-BDAFAA2507BE} = {56E10437-7FD5-4BEC-98B3-25EA9DB5A692}
		{C8B113AF-0BF4-418F-977B-0BEC24E73705} = {56E10437-7FD5-4BEC-98B3-25EA9DB5A692}
		{665533D9-BE5B-4576-BDD0-25C2ADA79AC6} = {56E10437-7FD5-4BEC-98B3-25EA9DB5A692}
		{2338F440-B066-4909-8396-339815300F75} = {56E10437-7FD5-4BEC-98B3-25EA9DB5A692}
		{2BCBA4AC-F2FC-477E-900B-8099EB4C4E06} = {56E10437-7FD5-4BEC-98B3-25EA9DB5A692}
		{40484C38-A37E-4016-9AB7-B6C0E25FF8F8} = {56E10437-7FD5-4BEC-98B3-25EA9DB5A692}
		{BB500D51-E3F2-4052-BE32-F11B1963AFD9} = {9D542CD1-84E8-4614-928A-209CEF283304}
		{6E5EA486-93FF-4058-B581-58E857301EFB} = {9D542CD1-84E8-4614-928A-209CEF283304}
		{73E62E45-DCB9-462B-9F04-D817CB933892} = {9D542CD1-84E8-4614-928A-209CEF283304}
	EndGlobalSection
	GlobalSection(ExtensibilityGlobals) = postSolution
		SolutionGuid = {53D504B9-CB20-48A3-9B2A-2B9E8403324F}
	EndGlobalSection
EndGlobal
