
Microsoft Visual Studio Solution File, Format Version 12.00
# Visual Studio Version 17
VisualStudioVersion = 17.9.34701.34
MinimumVisualStudioVersion = 10.0.40219.1
Project("{2150E333-8FDC-42A3-9474-1A3956D46DE8}") = "Server", "Server", "{0B82AB70-EF54-4DC4-9B80-FF35A2CFEA4C}"
EndProject
Project("{9A19103F-16F7-4668-BE54-9A1E7A4F7556}") = "ServerData", "ServerData\ServerData.csproj", "{0920EEB4-CC1A-4A2C-8E3F-D7C2E5ED010F}"
EndProject
Project("{9A19103F-16F7-4668-BE54-9A1E7A4F7556}") = "ServerLogic", "ServerLogic\ServerLogic.csproj", "{FB2BEA5D-90C2-4EC5-BED4-A9C4D6C78209}"
EndProject
Project("{9A19103F-16F7-4668-BE54-9A1E7A4F7556}") = "ServerPresentation", "ServerPresentation\ServerPresentation.csproj", "{3CBE5616-75C6-4173-B44A-0F84D5D5DED8}"
EndProject
Project("{9A19103F-16F7-4668-BE54-9A1E7A4F7556}") = "GlobalApi", "GlobalApi\GlobalApi.csproj", "{C2B97116-536D-4BF1-9BD3-445A95777B66}"
EndProject
Project("{2150E333-8FDC-42A3-9474-1A3956D46DE8}") = "Client", "Client", "{FD74C768-70DF-49FA-9B61-6D90E87BE943}"
EndProject
Project("{9A19103F-16F7-4668-BE54-9A1E7A4F7556}") = "ClientData", "ClientData\ClientData.csproj", "{AA54A805-BAEE-4E47-BA7E-B96F5F547DF7}"
EndProject
Project("{9A19103F-16F7-4668-BE54-9A1E7A4F7556}") = "ClientLogic", "ClientLogic\ClientLogic.csproj", "{D73B01CA-C448-4207-9791-8987668BBCD9}"
EndProject
Project("{9A19103F-16F7-4668-BE54-9A1E7A4F7556}") = "ClientViewModel", "ClientViewModel\ClientViewModel.csproj", "{A7971784-CAD6-4B15-A9F5-22F85784EA96}"
EndProject
Project("{9A19103F-16F7-4668-BE54-9A1E7A4F7556}") = "ClientView", "ClientView\ClientView.csproj", "{4BDB9866-B1A0-45C1-A3F9-6C29410330E2}"
EndProject
Project("{2150E333-8FDC-42A3-9474-1A3956D46DE8}") = "Tests", "Tests", "{64761BD8-BB84-4C70-B537-3B58A23DB19A}"
EndProject
Project("{9A19103F-16F7-4668-BE54-9A1E7A4F7556}") = "ClientDataTest", "ClientDataTest\ClientDataTest.csproj", "{2D7D1AD5-001F-4F8A-AB9B-E71C7DF9707B}"
EndProject
Project("{9A19103F-16F7-4668-BE54-9A1E7A4F7556}") = "ClientLogicTest", "ClientLogicTest\ClientLogicTest.csproj", "{2E860B43-240B-40A9-B278-BB1D2942AC6D}"
EndProject
Project("{9A19103F-16F7-4668-BE54-9A1E7A4F7556}") = "ServerDataTest", "ServerDataTest\ServerDataTest.csproj", "{E0309CEA-17C3-488A-BAF6-0FAD6926E226}"
EndProject
Project("{9A19103F-16F7-4668-BE54-9A1E7A4F7556}") = "ServerLogicTest", "ServerLogicTest\ServerLogicTest.csproj", "{BC6B3C3D-3CD5-4EEF-B32A-B5F481338AE2}"
EndProject
Project("{FAE04EC0-301F-11D3-BF4B-00C04F79EFBC}") = "ApiGenerator", "ApiGenerator\ApiGenerator.csproj", "{E200811B-679F-4B2F-9E2A-2DA645651954}"
EndProject
Global
	GlobalSection(SolutionConfigurationPlatforms) = preSolution
		Debug|Any CPU = Debug|Any CPU
		Release|Any CPU = Release|Any CPU
	EndGlobalSection
	GlobalSection(ProjectConfigurationPlatforms) = postSolution
		{0920EEB4-CC1A-4A2C-8E3F-D7C2E5ED010F}.Debug|Any CPU.ActiveCfg = Debug|Any CPU
		{0920EEB4-CC1A-4A2C-8E3F-D7C2E5ED010F}.Debug|Any CPU.Build.0 = Debug|Any CPU
		{0920EEB4-CC1A-4A2C-8E3F-D7C2E5ED010F}.Release|Any CPU.ActiveCfg = Release|Any CPU
		{0920EEB4-CC1A-4A2C-8E3F-D7C2E5ED010F}.Release|Any CPU.Build.0 = Release|Any CPU
		{FB2BEA5D-90C2-4EC5-BED4-A9C4D6C78209}.Debug|Any CPU.ActiveCfg = Debug|Any CPU
		{FB2BEA5D-90C2-4EC5-BED4-A9C4D6C78209}.Debug|Any CPU.Build.0 = Debug|Any CPU
		{FB2BEA5D-90C2-4EC5-BED4-A9C4D6C78209}.Release|Any CPU.ActiveCfg = Release|Any CPU
		{FB2BEA5D-90C2-4EC5-BED4-A9C4D6C78209}.Release|Any CPU.Build.0 = Release|Any CPU
		{3CBE5616-75C6-4173-B44A-0F84D5D5DED8}.Debug|Any CPU.ActiveCfg = Debug|Any CPU
		{3CBE5616-75C6-4173-B44A-0F84D5D5DED8}.Debug|Any CPU.Build.0 = Debug|Any CPU
		{3CBE5616-75C6-4173-B44A-0F84D5D5DED8}.Release|Any CPU.ActiveCfg = Release|Any CPU
		{3CBE5616-75C6-4173-B44A-0F84D5D5DED8}.Release|Any CPU.Build.0 = Release|Any CPU
		{C2B97116-536D-4BF1-9BD3-445A95777B66}.Debug|Any CPU.ActiveCfg = Debug|Any CPU
		{C2B97116-536D-4BF1-9BD3-445A95777B66}.Debug|Any CPU.Build.0 = Debug|Any CPU
		{C2B97116-536D-4BF1-9BD3-445A95777B66}.Release|Any CPU.ActiveCfg = Release|Any CPU
		{C2B97116-536D-4BF1-9BD3-445A95777B66}.Release|Any CPU.Build.0 = Release|Any CPU
		{AA54A805-BAEE-4E47-BA7E-B96F5F547DF7}.Debug|Any CPU.ActiveCfg = Debug|Any CPU
		{AA54A805-BAEE-4E47-BA7E-B96F5F547DF7}.Debug|Any CPU.Build.0 = Debug|Any CPU
		{AA54A805-BAEE-4E47-BA7E-B96F5F547DF7}.Release|Any CPU.ActiveCfg = Release|Any CPU
		{AA54A805-BAEE-4E47-BA7E-B96F5F547DF7}.Release|Any CPU.Build.0 = Release|Any CPU
		{D73B01CA-C448-4207-9791-8987668BBCD9}.Debug|Any CPU.ActiveCfg = Debug|Any CPU
		{D73B01CA-C448-4207-9791-8987668BBCD9}.Debug|Any CPU.Build.0 = Debug|Any CPU
		{D73B01CA-C448-4207-9791-8987668BBCD9}.Release|Any CPU.ActiveCfg = Release|Any CPU
		{D73B01CA-C448-4207-9791-8987668BBCD9}.Release|Any CPU.Build.0 = Release|Any CPU
		{A7971784-CAD6-4B15-A9F5-22F85784EA96}.Debug|Any CPU.ActiveCfg = Debug|Any CPU
		{A7971784-CAD6-4B15-A9F5-22F85784EA96}.Debug|Any CPU.Build.0 = Debug|Any CPU
		{A7971784-CAD6-4B15-A9F5-22F85784EA96}.Release|Any CPU.ActiveCfg = Release|Any CPU
		{A7971784-CAD6-4B15-A9F5-22F85784EA96}.Release|Any CPU.Build.0 = Release|Any CPU
		{4BDB9866-B1A0-45C1-A3F9-6C29410330E2}.Debug|Any CPU.ActiveCfg = Debug|Any CPU
		{4BDB9866-B1A0-45C1-A3F9-6C29410330E2}.Debug|Any CPU.Build.0 = Debug|Any CPU
		{4BDB9866-B1A0-45C1-A3F9-6C29410330E2}.Release|Any CPU.ActiveCfg = Release|Any CPU
		{4BDB9866-B1A0-45C1-A3F9-6C29410330E2}.Release|Any CPU.Build.0 = Release|Any CPU
		{2D7D1AD5-001F-4F8A-AB9B-E71C7DF9707B}.Debug|Any CPU.ActiveCfg = Debug|Any CPU
		{2D7D1AD5-001F-4F8A-AB9B-E71C7DF9707B}.Debug|Any CPU.Build.0 = Debug|Any CPU
		{2D7D1AD5-001F-4F8A-AB9B-E71C7DF9707B}.Release|Any CPU.ActiveCfg = Release|Any CPU
		{2D7D1AD5-001F-4F8A-AB9B-E71C7DF9707B}.Release|Any CPU.Build.0 = Release|Any CPU
		{2E860B43-240B-40A9-B278-BB1D2942AC6D}.Debug|Any CPU.ActiveCfg = Debug|Any CPU
		{2E860B43-240B-40A9-B278-BB1D2942AC6D}.Debug|Any CPU.Build.0 = Debug|Any CPU
		{2E860B43-240B-40A9-B278-BB1D2942AC6D}.Release|Any CPU.ActiveCfg = Release|Any CPU
		{2E860B43-240B-40A9-B278-BB1D2942AC6D}.Release|Any CPU.Build.0 = Release|Any CPU
		{E0309CEA-17C3-488A-BAF6-0FAD6926E226}.Debug|Any CPU.ActiveCfg = Debug|Any CPU
		{E0309CEA-17C3-488A-BAF6-0FAD6926E226}.Debug|Any CPU.Build.0 = Debug|Any CPU
		{E0309CEA-17C3-488A-BAF6-0FAD6926E226}.Release|Any CPU.ActiveCfg = Release|Any CPU
		{E0309CEA-17C3-488A-BAF6-0FAD6926E226}.Release|Any CPU.Build.0 = Release|Any CPU
		{BC6B3C3D-3CD5-4EEF-B32A-B5F481338AE2}.Debug|Any CPU.ActiveCfg = Debug|Any CPU
		{BC6B3C3D-3CD5-4EEF-B32A-B5F481338AE2}.Debug|Any CPU.Build.0 = Debug|Any CPU
		{BC6B3C3D-3CD5-4EEF-B32A-B5F481338AE2}.Release|Any CPU.ActiveCfg = Release|Any CPU
		{BC6B3C3D-3CD5-4EEF-B32A-B5F481338AE2}.Release|Any CPU.Build.0 = Release|Any CPU
		{E200811B-679F-4B2F-9E2A-2DA645651954}.Debug|Any CPU.ActiveCfg = Debug|Any CPU
		{E200811B-679F-4B2F-9E2A-2DA645651954}.Debug|Any CPU.Build.0 = Debug|Any CPU
		{E200811B-679F-4B2F-9E2A-2DA645651954}.Release|Any CPU.ActiveCfg = Release|Any CPU
		{E200811B-679F-4B2F-9E2A-2DA645651954}.Release|Any CPU.Build.0 = Release|Any CPU
	EndGlobalSection
	GlobalSection(SolutionProperties) = preSolution
		HideSolutionNode = FALSE
	EndGlobalSection
	GlobalSection(NestedProjects) = preSolution
		{0920EEB4-CC1A-4A2C-8E3F-D7C2E5ED010F} = {0B82AB70-EF54-4DC4-9B80-FF35A2CFEA4C}
		{FB2BEA5D-90C2-4EC5-BED4-A9C4D6C78209} = {0B82AB70-EF54-4DC4-9B80-FF35A2CFEA4C}
		{3CBE5616-75C6-4173-B44A-0F84D5D5DED8} = {0B82AB70-EF54-4DC4-9B80-FF35A2CFEA4C}
		{AA54A805-BAEE-4E47-BA7E-B96F5F547DF7} = {FD74C768-70DF-49FA-9B61-6D90E87BE943}
		{D73B01CA-C448-4207-9791-8987668BBCD9} = {FD74C768-70DF-49FA-9B61-6D90E87BE943}
		{A7971784-CAD6-4B15-A9F5-22F85784EA96} = {FD74C768-70DF-49FA-9B61-6D90E87BE943}
		{4BDB9866-B1A0-45C1-A3F9-6C29410330E2} = {FD74C768-70DF-49FA-9B61-6D90E87BE943}
		{2D7D1AD5-001F-4F8A-AB9B-E71C7DF9707B} = {64761BD8-BB84-4C70-B537-3B58A23DB19A}
		{2E860B43-240B-40A9-B278-BB1D2942AC6D} = {64761BD8-BB84-4C70-B537-3B58A23DB19A}
		{E0309CEA-17C3-488A-BAF6-0FAD6926E226} = {64761BD8-BB84-4C70-B537-3B58A23DB19A}
		{BC6B3C3D-3CD5-4EEF-B32A-B5F481338AE2} = {64761BD8-BB84-4C70-B537-3B58A23DB19A}
	EndGlobalSection
	GlobalSection(ExtensibilityGlobals) = postSolution
		SolutionGuid = {53D504B9-CB20-48A3-9B2A-2B9E8403324F}
	EndGlobalSection
EndGlobal
